{
    "_meta": {
        "hash": {
            "sha256": "0254d445eee7096b0b6faf55b22d88336065ff90f9586254630101ba21633f5f"
        },
        "pipfile-spec": 6,
        "requires": {
            "python_version": "3.9"
        },
        "sources": [
            {
                "name": "pypi",
                "url": "https://pypi.org/simple",
                "verify_ssl": true
            }
        ]
    },
    "default": {
        "numpy": {
            "hashes": [
                "sha256:032be656d89bbf786d743fee11d01ef318b0781281241997558fa7950028dd29",
                "sha256:104f5e90b143dbf298361a99ac1af4cf59131218a045ebf4ee5990b83cff5fab",
                "sha256:125a0e10ddd99a874fd357bfa1b636cd58deb78ba4a30b5ddb09f645c3512e04",
                "sha256:12e4ba5c6420917571f1a5becc9338abbde71dd811ce40b37ba62dec7b39af6d",
                "sha256:13adf545732bb23a796914fe5f891a12bd74cf3d2986eed7b7eba2941eea1590",
                "sha256:2d7e27442599104ee08f4faed56bb87c55f8b10a5494ac2ead5c98a4b289e61f",
                "sha256:3bc63486a870294683980d76ec1e3efc786295ae00128f9ea38e2c6e74d5a60a",
                "sha256:3d3087e24e354c18fb35c454026af3ed8997cfd4997765266897c68d724e4845",
                "sha256:4ed8e96dc146e12c1c5cdd6fb9fd0757f2ba66048bf94c5126b7efebd12d0090",
                "sha256:60759ab15c94dd0e1ed88241fd4fa3312db4e91d2c8f5a2d4cf3863fad83d65b",
                "sha256:65410c7f4398a0047eea5cca9b74009ea61178efd78d1be9847fac1d6716ec1e",
                "sha256:66b467adfcf628f66ea4ac6430ded0614f5cc06ba530d09571ea404789064adc",
                "sha256:7199109fa46277be503393be9250b983f325880766f847885607d9b13848f257",
                "sha256:72251e43ac426ff98ea802a931922c79b8d7596480300eb9f1b1e45e0543571e",
                "sha256:89e5336f2bec0c726ac7e7cdae181b325a9c0ee24e604704ed830d241c5e47ff",
                "sha256:89f937b13b8dd17b0099c7c2e22066883c86ca1575a975f754babc8fbf8d69a9",
                "sha256:9c94cab5054bad82a70b2e77741271790304651d584e2cdfe2041488e753863b",
                "sha256:9eb551d122fadca7774b97db8a112b77231dcccda8e91a5bc99e79890797175e",
                "sha256:a1d7995d1023335e67fb070b2fae6f5968f5be3802b15ad6d79d81ecaa014fe0",
                "sha256:ae61f02b84a0211abb56462a3b6cd1e7ec39d466d3160eb4e1da8bf6717cdbeb",
                "sha256:b9410c0b6fed4a22554f072a86c361e417f0258838957b78bd063bde2c7f841f",
                "sha256:c26287dfc888cf1e65181f39ea75e11f42ffc4f4529e5bd19add57ad458996e2",
                "sha256:c91ec9569facd4757ade0888371eced2ecf49e7982ce5634cc2cf4e7331a4b14",
                "sha256:ecb5b74c702358cdc21268ff4c37f7466357871f53a30e6f84c686952bef16a9"
            ],
            "markers": "python_version >= '3.7'",
            "version": "==1.20.1"
        },
        "panda3d": {
            "hashes": [
                "sha256:0a8d6456d88aec19f644d5a38096984c3721865813636bb1905e6a4f613f34cd",
                "sha256:0bfee17273f05e8783052a74592ea26eae77971e32d5b0785610067ad77cdd29",
                "sha256:182b2758c25f6be8494ebb0fcc256d86b017b934eede9dad2657997902867626",
                "sha256:18c9aafb0b37b9d4cf47a09fd2823ca6777cf34a5ed935741bbd69406089df9e",
                "sha256:1a27ae41c5740b1677cb3e34717403005ee8e2eceb7f6f5b0fb26d1794d35ad1",
                "sha256:201d62971d917a1364c31592c7947e5d891842bba25163e1e68e3f11feea7f8f",
                "sha256:29c7e749f35ef05b52dfd6440fc9073d46d42bad07aa5028ee3c6f2cb5a0c672",
                "sha256:32ab939e85aa8f4e166a7f9aaf480eacdb9969e7ad4259d7b5c0cd216ca35312",
                "sha256:38932d0c080ad8b0dc1fa013db4fe0bf28ab799c7ee00eeda6084763e662977b",
                "sha256:39535866a030cd3140fcb5388fa621e2d1429a8d8c227d07b1da48550f52c2b0",
                "sha256:447c9c43515be574e92829da9a432f4079abba6fb98510162b9c4b9f782c7e7c",
                "sha256:47db462bf38fb884da9bb2709464df579ca9e284e59d297e8c87550ee08f191e",
                "sha256:4bad5dabcf54d9ba0bc81120e6e8777df39f557588a37bccb4f3a22a6ec75665",
                "sha256:508de0e8a376db220ea9158e75ea0a215a5942727f13ddc0c7e15fdda60fa4eb",
                "sha256:52d9934f62aceb32adb9b820578e4f45ac633299b6aa4ddb604f8c55228a40f4",
                "sha256:66086b33d836613feb76417eee8193970a1c487074a7322056f015125a9df51a",
                "sha256:67315f03b6e3eba5923635a0c821e226e6d5eb7372f0b9100e588d9423fe684b",
                "sha256:6b4f6144e5179cc6adbcbd42d69331433245ea1df7b7849983b82086340ea71b",
                "sha256:72c13ac4bf28681ec68aa0874023b9974a6e77f8cbfbadb91935a77ad7e27830",
                "sha256:7632095f814ea041f42cd35da085e4d4f6ce5d72d3aef82d8f7ad30388d72a72",
                "sha256:77359aaa4a888e5db8ae37886511aecf86aebc3aeb75b33c6ea490eb869de2a6",
                "sha256:79120ffef376d247fe62aad986ed1a12ec31520097534458a3462c5eb652b213",
                "sha256:8633858aae3526941878466af5a064114f5afa0f6f8d781bf6c351bd19cfe055",
                "sha256:933137edba0670a1e5754364ae273442b87b0ffdb6c0ceb6d57647fcd63017b0",
                "sha256:95257d35550bdcefdf3a05aea1fca51c78b35b559d704050e8b445ecff2a2748",
                "sha256:a8206bc137780fc515dc19606aa68ae2c3f5a2ff86f20efb7ef1ec4c54fab665",
                "sha256:aa29b6ac94111a3aa108de3baa431b0ec21998c0ebf240bc6f76fe36ccf931d6",
                "sha256:ad2e858268dea3e30dea10016cd7ca6b9cd5d542bbe6f4f82407797c144ae025",
                "sha256:b946ac1ff27d6e225aecbf6b6a6dd9eacef8abf0a3db926ad37d623ebfc83d33",
                "sha256:c0555127d96cdcaea2775fcca3f03eaea68a19ae4df3a60e78b7ceb012b47dd0",
                "sha256:c0b6d87c675d3813df27f2bc2f815606e58a1d17fe9416c8c1efb4b2fd1c3948",
                "sha256:c2a17b25480683bb80cf4a3c81796ccb8e0772f6d151d009fd4242cd97caf12d",
                "sha256:c430c07ef97765942f5801ef4cb87cf10a502aa159eeac97fce4ae3a2f888508",
                "sha256:c4554538473b130d07423a13ee5393d23c71ac3eac30ec712881ca77cf70cd19",
                "sha256:c7291658982ce0fee21b0f570dd3668a5ee2c90173e4d0bbb79f976900b60656",
                "sha256:c80f98d5ad56554e1c0f8e4987e1ae8096c7f9470c29af23f64abfa17f7882a2",
                "sha256:c85da33952bee1fc919a0c196c63b846c929d4d3fccd0c07fcd8904c7525a280",
                "sha256:cb53e6560314822e04407633f04a5b4d15d30382fb01fb3626eb990f6a2dfc9e",
                "sha256:d02986d8d9f029fd3e4bb9f688aa7c5609df8b0af4a408ee556fc72dd169c684",
                "sha256:d041d9e6892521911a8d1deb15deafc1490c41a836a9c7234bbaf245ebc78a70",
                "sha256:f1ff9ccc0170ddda1bab49f0ac1224c6c910656065e8bbedf077aad9ca963b80",
                "sha256:f435d1020376ad6f6ab28eb9ec0686f7759d431abd7cd1eb7d4a29c6347f73f7",
                "sha256:f4903f29331abac9966d202cd8c2f785b3780f5d933cfc7f0143bd91a7ba4206",
                "sha256:fef032095217a5cf0bf2fb1e0d56cc9b4e396b2bc94925df1e55f4c61c868411"
            ],
            "version": "==1.10.8"
        },
        "pillow": {
            "hashes": [
                "sha256:165c88bc9d8dba670110c689e3cc5c71dbe4bfb984ffa7cbebf1fac9554071d6",
                "sha256:1d208e670abfeb41b6143537a681299ef86e92d2a3dac299d3cd6830d5c7bded",
                "sha256:22d070ca2e60c99929ef274cfced04294d2368193e935c5d6febfd8b601bf865",
                "sha256:2353834b2c49b95e1313fb34edf18fca4d57446675d05298bb694bca4b194174",
                "sha256:39725acf2d2e9c17356e6835dccebe7a697db55f25a09207e38b835d5e1bc032",
                "sha256:3de6b2ee4f78c6b3d89d184ade5d8fa68af0848f9b6b6da2b9ab7943ec46971a",
                "sha256:47c0d93ee9c8b181f353dbead6530b26980fe4f5485aa18be8f1fd3c3cbc685e",
                "sha256:5e2fe3bb2363b862671eba632537cd3a823847db4d98be95690b7e382f3d6378",
                "sha256:604815c55fd92e735f9738f65dabf4edc3e79f88541c221d292faec1904a4b17",
                "sha256:6c5275bd82711cd3dcd0af8ce0bb99113ae8911fc2952805f1d012de7d600a4c",
                "sha256:731ca5aabe9085160cf68b2dbef95fc1991015bc0a3a6ea46a371ab88f3d0913",
                "sha256:7612520e5e1a371d77e1d1ca3a3ee6227eef00d0a9cddb4ef7ecb0b7396eddf7",
                "sha256:7916cbc94f1c6b1301ac04510d0881b9e9feb20ae34094d3615a8a7c3db0dcc0",
                "sha256:81c3fa9a75d9f1afafdb916d5995633f319db09bd773cb56b8e39f1e98d90820",
                "sha256:887668e792b7edbfb1d3c9d8b5d8c859269a0f0eba4dda562adb95500f60dbba",
                "sha256:93a473b53cc6e0b3ce6bf51b1b95b7b1e7e6084be3a07e40f79b42e83503fbf2",
                "sha256:96d4dc103d1a0fa6d47c6c55a47de5f5dafd5ef0114fa10c85a1fd8e0216284b",
                "sha256:a3d3e086474ef12ef13d42e5f9b7bbf09d39cf6bd4940f982263d6954b13f6a9",
                "sha256:b02a0b9f332086657852b1f7cb380f6a42403a6d9c42a4c34a561aa4530d5234",
                "sha256:b09e10ec453de97f9a23a5aa5e30b334195e8d2ddd1ce76cc32e52ba63c8b31d",
                "sha256:b6f00ad5ebe846cc91763b1d0c6d30a8042e02b2316e27b05de04fa6ec831ec5",
                "sha256:bba80df38cfc17f490ec651c73bb37cd896bc2400cfba27d078c2135223c1206",
                "sha256:c3d911614b008e8a576b8e5303e3db29224b455d3d66d1b2848ba6ca83f9ece9",
                "sha256:ca20739e303254287138234485579b28cb0d524401f83d5129b5ff9d606cb0a8",
                "sha256:cb192176b477d49b0a327b2a5a4979552b7a58cd42037034316b8018ac3ebb59",
                "sha256:cdbbe7dff4a677fb555a54f9bc0450f2a21a93c5ba2b44e09e54fcb72d2bd13d",
                "sha256:cf6e33d92b1526190a1de904df21663c46a456758c0424e4f947ae9aa6088bf7",
                "sha256:d355502dce85ade85a2511b40b4c61a128902f246504f7de29bbeec1ae27933a",
                "sha256:d673c4990acd016229a5c1c4ee8a9e6d8f481b27ade5fc3d95938697fa443ce0",
                "sha256:dc577f4cfdda354db3ae37a572428a90ffdbe4e51eda7849bf442fb803f09c9b",
                "sha256:dd9eef866c70d2cbbea1ae58134eaffda0d4bfea403025f4db6859724b18ab3d",
                "sha256:f50e7a98b0453f39000619d845be8b06e611e56ee6e8186f7f60c3b1e2f0feae"
            ],
            "markers": "python_version >= '3.6'",
            "version": "==8.1.0"
        },
        "pyperclip": {
            "hashes": [
                "sha256:9abef1e79ce635eb62309ecae02dfb5a3eb952fa7d6dce09c1aef063f81424d3"
            ],
            "version": "==1.8.1"
        },
        "screeninfo": {
            "hashes": [
                "sha256:1c4bac1ca329da3f68cbc4d2fbc92256aa9bb8ff8583ee3e14f91f0a7baa69cb"
            ],
            "version": "==0.6.7"
        },
        "ursina": {
            "hashes": [
                "sha256:a2b530d01edc4b0ce5a7f4581ef70bf04851a014cd4307baefbe1aa9aadc8a70",
                "sha256:e61e6e35d53c0f7e240e256ed4bafd2c0f4b0136f1b04a7f06215f4b351f0199"
            ],
            "index": "pypi",
            "version": "==3.4.0"
        }
    },
    "develop": {}
}
